
Microsoft Visual Studio Solution File, Format Version 12.00
# Visual Studio Version 17
VisualStudioVersion = 17.0.31903.59
MinimumVisualStudioVersion = 10.0.40219.1
Project("{2150E333-8FDC-42A3-9474-1A3956D46DE8}") = "src", "src", "{827E0CD3-B72D-47B6-A68D-7590B98EB39B}"
EndProject
Project("{FAE04EC0-301F-11D3-BF4B-00C04F79EFBC}") = "Vaultix.App", "src\Vaultix.App\Vaultix.App.csproj", "{C4DB35FB-1F9F-4535-8AA6-E35A88B4E672}"
EndProject
Project("{FAE04EC0-301F-11D3-BF4B-00C04F79EFBC}") = "Vaultix.Shared", "src\Vaultix.Shared\Vaultix.Shared.csproj", "{E815ED42-CD99-441B-89F3-1800DB305E1C}"
EndProject
Project("{FAE04EC0-301F-11D3-BF4B-00C04F79EFBC}") = "Vaultix.Core", "src\Vaultix.Core\Vaultix.Core.csproj", "{4E3FAF46-2757-4C91-B973-88B161E69BE2}"
EndProject
Project("{FAE04EC0-301F-11D3-BF4B-00C04F79EFBC}") = "Vaultix.Infrastructure", "src\Vaultix.Infrastructure\Vaultix.Infrastructure.csproj", "{9DBE0C94-41E1-4394-B824-3C3598A27353}"
EndProject
Project("{FAE04EC0-301F-11D3-BF4B-00C04F79EFBC}") = "Vaultix.Server", "src\Vaultix.Server\Vaultix.Server.csproj", "{78ED2FFD-8703-4906-8952-2375CF80D6DE}"
EndProject
Project("{FAE04EC0-301F-11D3-BF4B-00C04F79EFBC}") = "Vaultix.Storage", "src\Vaultix.Storage\Vaultix.Storage.csproj", "{19D253EC-7BBC-4FCD-B1F5-870F572D6D1F}"
EndProject
Project("{FAE04EC0-301F-11D3-BF4B-00C04F79EFBC}") = "Vaultix.Service", "src\Vaultix.Service\Vaultix.Service.csproj", "{0CC2FA77-8726-4769-A66E-1B2C91EE543D}"
EndProject
Project("{2150E333-8FDC-42A3-9474-1A3956D46DE8}") = "tests", "tests", "{0AB3BF05-4346-4AA6-1389-037BE0695223}"
EndProject
Project("{FAE04EC0-301F-11D3-BF4B-00C04F79EFBC}") = "Vaultix.Core.Tests", "tests\Vaultix.Core.Tests\Vaultix.Core.Tests.csproj", "{E7E52F96-8DB2-4DDB-B8D4-E879C94E2099}"
EndProject
Project("{FAE04EC0-301F-11D3-BF4B-00C04F79EFBC}") = "Vaultix.IntegrationTests", "tests\Vaultix.IntegrationTests\Vaultix.IntegrationTests.csproj", "{975943B4-E3B9-4E0A-B352-4510D26FC9BF}"
EndProject
Project("{FAE04EC0-301F-11D3-BF4B-00C04F79EFBC}") = "Vaultix.Server.Tests", "tests\Vaultix.Server.Tests\Vaultix.Server.Tests.csproj", "{20054083-1736-41B1-851B-8FA20F50DA2D}"
EndProject
Global
	GlobalSection(SolutionConfigurationPlatforms) = preSolution
		Debug|Any CPU = Debug|Any CPU
		Debug|x64 = Debug|x64
		Debug|x86 = Debug|x86
		Release|Any CPU = Release|Any CPU
		Release|x64 = Release|x64
		Release|x86 = Release|x86
	EndGlobalSection
	GlobalSection(ProjectConfigurationPlatforms) = postSolution
		{C4DB35FB-1F9F-4535-8AA6-E35A88B4E672}.Debug|Any CPU.ActiveCfg = Debug|Any CPU
		{C4DB35FB-1F9F-4535-8AA6-E35A88B4E672}.Debug|Any CPU.Build.0 = Debug|Any CPU
		{C4DB35FB-1F9F-4535-8AA6-E35A88B4E672}.Debug|x64.ActiveCfg = Debug|Any CPU
		{C4DB35FB-1F9F-4535-8AA6-E35A88B4E672}.Debug|x64.Build.0 = Debug|Any CPU
		{C4DB35FB-1F9F-4535-8AA6-E35A88B4E672}.Debug|x86.ActiveCfg = Debug|Any CPU
		{C4DB35FB-1F9F-4535-8AA6-E35A88B4E672}.Debug|x86.Build.0 = Debug|Any CPU
		{C4DB35FB-1F9F-4535-8AA6-E35A88B4E672}.Release|Any CPU.ActiveCfg = Release|Any CPU
		{C4DB35FB-1F9F-4535-8AA6-E35A88B4E672}.Release|Any CPU.Build.0 = Release|Any CPU
		{C4DB35FB-1F9F-4535-8AA6-E35A88B4E672}.Release|x64.ActiveCfg = Release|Any CPU
		{C4DB35FB-1F9F-4535-8AA6-E35A88B4E672}.Release|x64.Build.0 = Release|Any CPU
		{C4DB35FB-1F9F-4535-8AA6-E35A88B4E672}.Release|x86.ActiveCfg = Release|Any CPU
		{C4DB35FB-1F9F-4535-8AA6-E35A88B4E672}.Release|x86.Build.0 = Release|Any CPU
		{E815ED42-CD99-441B-89F3-1800DB305E1C}.Debug|Any CPU.ActiveCfg = Debug|Any CPU
		{E815ED42-CD99-441B-89F3-1800DB305E1C}.Debug|Any CPU.Build.0 = Debug|Any CPU
		{E815ED42-CD99-441B-89F3-1800DB305E1C}.Debug|x64.ActiveCfg = Debug|Any CPU
		{E815ED42-CD99-441B-89F3-1800DB305E1C}.Debug|x64.Build.0 = Debug|Any CPU
		{E815ED42-CD99-441B-89F3-1800DB305E1C}.Debug|x86.ActiveCfg = Debug|Any CPU
		{E815ED42-CD99-441B-89F3-1800DB305E1C}.Debug|x86.Build.0 = Debug|Any CPU
		{E815ED42-CD99-441B-89F3-1800DB305E1C}.Release|Any CPU.ActiveCfg = Release|Any CPU
		{E815ED42-CD99-441B-89F3-1800DB305E1C}.Release|Any CPU.Build.0 = Release|Any CPU
		{E815ED42-CD99-441B-89F3-1800DB305E1C}.Release|x64.ActiveCfg = Release|Any CPU
		{E815ED42-CD99-441B-89F3-1800DB305E1C}.Release|x64.Build.0 = Release|Any CPU
		{E815ED42-CD99-441B-89F3-1800DB305E1C}.Release|x86.ActiveCfg = Release|Any CPU
		{E815ED42-CD99-441B-89F3-1800DB305E1C}.Release|x86.Build.0 = Release|Any CPU
		{4E3FAF46-2757-4C91-B973-88B161E69BE2}.Debug|Any CPU.ActiveCfg = Debug|Any CPU
		{4E3FAF46-2757-4C91-B973-88B161E69BE2}.Debug|Any CPU.Build.0 = Debug|Any CPU
		{4E3FAF46-2757-4C91-B973-88B161E69BE2}.Debug|x64.ActiveCfg = Debug|Any CPU
		{4E3FAF46-2757-4C91-B973-88B161E69BE2}.Debug|x64.Build.0 = Debug|Any CPU
		{4E3FAF46-2757-4C91-B973-88B161E69BE2}.Debug|x86.ActiveCfg = Debug|Any CPU
		{4E3FAF46-2757-4C91-B973-88B161E69BE2}.Debug|x86.Build.0 = Debug|Any CPU
		{4E3FAF46-2757-4C91-B973-88B161E69BE2}.Release|Any CPU.ActiveCfg = Release|Any CPU
		{4E3FAF46-2757-4C91-B973-88B161E69BE2}.Release|Any CPU.Build.0 = Release|Any CPU
		{4E3FAF46-2757-4C91-B973-88B161E69BE2}.Release|x64.ActiveCfg = Release|Any CPU
		{4E3FAF46-2757-4C91-B973-88B161E69BE2}.Release|x64.Build.0 = Release|Any CPU
		{4E3FAF46-2757-4C91-B973-88B161E69BE2}.Release|x86.ActiveCfg = Release|Any CPU
		{4E3FAF46-2757-4C91-B973-88B161E69BE2}.Release|x86.Build.0 = Release|Any CPU
		{9DBE0C94-41E1-4394-B824-3C3598A27353}.Debug|Any CPU.ActiveCfg = Debug|Any CPU
		{9DBE0C94-41E1-4394-B824-3C3598A27353}.Debug|Any CPU.Build.0 = Debug|Any CPU
		{9DBE0C94-41E1-4394-B824-3C3598A27353}.Debug|x64.ActiveCfg = Debug|Any CPU
		{9DBE0C94-41E1-4394-B824-3C3598A27353}.Debug|x64.Build.0 = Debug|Any CPU
		{9DBE0C94-41E1-4394-B824-3C3598A27353}.Debug|x86.ActiveCfg = Debug|Any CPU
		{9DBE0C94-41E1-4394-B824-3C3598A27353}.Debug|x86.Build.0 = Debug|Any CPU
		{9DBE0C94-41E1-4394-B824-3C3598A27353}.Release|Any CPU.ActiveCfg = Release|Any CPU
		{9DBE0C94-41E1-4394-B824-3C3598A27353}.Release|Any CPU.Build.0 = Release|Any CPU
		{9DBE0C94-41E1-4394-B824-3C3598A27353}.Release|x64.ActiveCfg = Release|Any CPU
		{9DBE0C94-41E1-4394-B824-3C3598A27353}.Release|x64.Build.0 = Release|Any CPU
		{9DBE0C94-41E1-4394-B824-3C3598A27353}.Release|x86.ActiveCfg = Release|Any CPU
		{9DBE0C94-41E1-4394-B824-3C3598A27353}.Release|x86.Build.0 = Release|Any CPU
		{78ED2FFD-8703-4906-8952-2375CF80D6DE}.Debug|Any CPU.ActiveCfg = Debug|Any CPU
		{78ED2FFD-8703-4906-8952-2375CF80D6DE}.Debug|Any CPU.Build.0 = Debug|Any CPU
		{78ED2FFD-8703-4906-8952-2375CF80D6DE}.Debug|x64.ActiveCfg = Debug|Any CPU
		{78ED2FFD-8703-4906-8952-2375CF80D6DE}.Debug|x64.Build.0 = Debug|Any CPU
		{78ED2FFD-8703-4906-8952-2375CF80D6DE}.Debug|x86.ActiveCfg = Debug|Any CPU
		{78ED2FFD-8703-4906-8952-2375CF80D6DE}.Debug|x86.Build.0 = Debug|Any CPU
		{78ED2FFD-8703-4906-8952-2375CF80D6DE}.Release|Any CPU.ActiveCfg = Release|Any CPU
		{78ED2FFD-8703-4906-8952-2375CF80D6DE}.Release|Any CPU.Build.0 = Release|Any CPU
		{78ED2FFD-8703-4906-8952-2375CF80D6DE}.Release|x64.ActiveCfg = Release|Any CPU
		{78ED2FFD-8703-4906-8952-2375CF80D6DE}.Release|x64.Build.0 = Release|Any CPU
		{78ED2FFD-8703-4906-8952-2375CF80D6DE}.Release|x86.ActiveCfg = Release|Any CPU
		{78ED2FFD-8703-4906-8952-2375CF80D6DE}.Release|x86.Build.0 = Release|Any CPU
		{19D253EC-7BBC-4FCD-B1F5-870F572D6D1F}.Debug|Any CPU.ActiveCfg = Debug|Any CPU
		{19D253EC-7BBC-4FCD-B1F5-870F572D6D1F}.Debug|Any CPU.Build.0 = Debug|Any CPU
		{19D253EC-7BBC-4FCD-B1F5-870F572D6D1F}.Debug|x64.ActiveCfg = Debug|Any CPU
		{19D253EC-7BBC-4FCD-B1F5-870F572D6D1F}.Debug|x64.Build.0 = Debug|Any CPU
		{19D253EC-7BBC-4FCD-B1F5-870F572D6D1F}.Debug|x86.ActiveCfg = Debug|Any CPU
		{19D253EC-7BBC-4FCD-B1F5-870F572D6D1F}.Debug|x86.Build.0 = Debug|Any CPU
		{19D253EC-7BBC-4FCD-B1F5-870F572D6D1F}.Release|Any CPU.ActiveCfg = Release|Any CPU
		{19D253EC-7BBC-4FCD-B1F5-870F572D6D1F}.Release|Any CPU.Build.0 = Release|Any CPU
		{19D253EC-7BBC-4FCD-B1F5-870F572D6D1F}.Release|x64.ActiveCfg = Release|Any CPU
		{19D253EC-7BBC-4FCD-B1F5-870F572D6D1F}.Release|x64.Build.0 = Release|Any CPU
		{19D253EC-7BBC-4FCD-B1F5-870F572D6D1F}.Release|x86.ActiveCfg = Release|Any CPU
		{19D253EC-7BBC-4FCD-B1F5-870F572D6D1F}.Release|x86.Build.0 = Release|Any CPU
		{0CC2FA77-8726-4769-A66E-1B2C91EE543D}.Debug|Any CPU.ActiveCfg = Debug|Any CPU
		{0CC2FA77-8726-4769-A66E-1B2C91EE543D}.Debug|Any CPU.Build.0 = Debug|Any CPU
		{0CC2FA77-8726-4769-A66E-1B2C91EE543D}.Debug|x64.ActiveCfg = Debug|Any CPU
		{0CC2FA77-8726-4769-A66E-1B2C91EE543D}.Debug|x64.Build.0 = Debug|Any CPU
		{0CC2FA77-8726-4769-A66E-1B2C91EE543D}.Debug|x86.ActiveCfg = Debug|Any CPU
		{0CC2FA77-8726-4769-A66E-1B2C91EE543D}.Debug|x86.Build.0 = Debug|Any CPU
		{0CC2FA77-8726-4769-A66E-1B2C91EE543D}.Release|Any CPU.ActiveCfg = Release|Any CPU
		{0CC2FA77-8726-4769-A66E-1B2C91EE543D}.Release|Any CPU.Build.0 = Release|Any CPU
		{0CC2FA77-8726-4769-A66E-1B2C91EE543D}.Release|x64.ActiveCfg = Release|Any CPU
		{0CC2FA77-8726-4769-A66E-1B2C91EE543D}.Release|x64.Build.0 = Release|Any CPU
		{0CC2FA77-8726-4769-A66E-1B2C91EE543D}.Release|x86.ActiveCfg = Release|Any CPU
		{0CC2FA77-8726-4769-A66E-1B2C91EE543D}.Release|x86.Build.0 = Release|Any CPU
		{E7E52F96-8DB2-4DDB-B8D4-E879C94E2099}.Debug|Any CPU.ActiveCfg = Debug|Any CPU
		{E7E52F96-8DB2-4DDB-B8D4-E879C94E2099}.Debug|Any CPU.Build.0 = Debug|Any CPU
		{E7E52F96-8DB2-4DDB-B8D4-E879C94E2099}.Debug|x64.ActiveCfg = Debug|Any CPU
		{E7E52F96-8DB2-4DDB-B8D4-E879C94E2099}.Debug|x64.Build.0 = Debug|Any CPU
		{E7E52F96-8DB2-4DDB-B8D4-E879C94E2099}.Debug|x86.ActiveCfg = Debug|Any CPU
		{E7E52F96-8DB2-4DDB-B8D4-E879C94E2099}.Debug|x86.Build.0 = Debug|Any CPU
		{E7E52F96-8DB2-4DDB-B8D4-E879C94E2099}.Release|Any CPU.ActiveCfg = Release|Any CPU
		{E7E52F96-8DB2-4DDB-B8D4-E879C94E2099}.Release|Any CPU.Build.0 = Release|Any CPU
		{E7E52F96-8DB2-4DDB-B8D4-E879C94E2099}.Release|x64.ActiveCfg = Release|Any CPU
		{E7E52F96-8DB2-4DDB-B8D4-E879C94E2099}.Release|x64.Build.0 = Release|Any CPU
		{E7E52F96-8DB2-4DDB-B8D4-E879C94E2099}.Release|x86.ActiveCfg = Release|Any CPU
		{E7E52F96-8DB2-4DDB-B8D4-E879C94E2099}.Release|x86.Build.0 = Release|Any CPU
		{975943B4-E3B9-4E0A-B352-4510D26FC9BF}.Debug|Any CPU.ActiveCfg = Debug|Any CPU
		{975943B4-E3B9-4E0A-B352-4510D26FC9BF}.Debug|Any CPU.Build.0 = Debug|Any CPU
		{975943B4-E3B9-4E0A-B352-4510D26FC9BF}.Debug|x64.ActiveCfg = Debug|Any CPU
		{975943B4-E3B9-4E0A-B352-4510D26FC9BF}.Debug|x64.Build.0 = Debug|Any CPU
		{975943B4-E3B9-4E0A-B352-4510D26FC9BF}.Debug|x86.ActiveCfg = Debug|Any CPU
		{975943B4-E3B9-4E0A-B352-4510D26FC9BF}.Debug|x86.Build.0 = Debug|Any CPU
		{975943B4-E3B9-4E0A-B352-4510D26FC9BF}.Release|Any CPU.ActiveCfg = Release|Any CPU
		{975943B4-E3B9-4E0A-B352-4510D26FC9BF}.Release|Any CPU.Build.0 = Release|Any CPU
		{975943B4-E3B9-4E0A-B352-4510D26FC9BF}.Release|x64.ActiveCfg = Release|Any CPU
		{975943B4-E3B9-4E0A-B352-4510D26FC9BF}.Release|x64.Build.0 = Release|Any CPU
		{975943B4-E3B9-4E0A-B352-4510D26FC9BF}.Release|x86.ActiveCfg = Release|Any CPU
		{975943B4-E3B9-4E0A-B352-4510D26FC9BF}.Release|x86.Build.0 = Release|Any CPU
		{20054083-1736-41B1-851B-8FA20F50DA2D}.Debug|Any CPU.ActiveCfg = Debug|Any CPU
		{20054083-1736-41B1-851B-8FA20F50DA2D}.Debug|Any CPU.Build.0 = Debug|Any CPU
		{20054083-1736-41B1-851B-8FA20F50DA2D}.Debug|x64.ActiveCfg = Debug|Any CPU
		{20054083-1736-41B1-851B-8FA20F50DA2D}.Debug|x64.Build.0 = Debug|Any CPU
		{20054083-1736-41B1-851B-8FA20F50DA2D}.Debug|x86.ActiveCfg = Debug|Any CPU
		{20054083-1736-41B1-851B-8FA20F50DA2D}.Debug|x86.Build.0 = Debug|Any CPU
		{20054083-1736-41B1-851B-8FA20F50DA2D}.Release|Any CPU.ActiveCfg = Release|Any CPU
		{20054083-1736-41B1-851B-8FA20F50DA2D}.Release|Any CPU.Build.0 = Release|Any CPU
		{20054083-1736-41B1-851B-8FA20F50DA2D}.Release|x64.ActiveCfg = Release|Any CPU
		{20054083-1736-41B1-851B-8FA20F50DA2D}.Release|x64.Build.0 = Release|Any CPU
		{20054083-1736-41B1-851B-8FA20F50DA2D}.Release|x86.ActiveCfg = Release|Any CPU
		{20054083-1736-41B1-851B-8FA20F50DA2D}.Release|x86.Build.0 = Release|Any CPU
	EndGlobalSection
	GlobalSection(SolutionProperties) = preSolution
		HideSolutionNode = FALSE
	EndGlobalSection
	GlobalSection(NestedProjects) = preSolution
		{C4DB35FB-1F9F-4535-8AA6-E35A88B4E672} = {827E0CD3-B72D-47B6-A68D-7590B98EB39B}
		{E815ED42-CD99-441B-89F3-1800DB305E1C} = {827E0CD3-B72D-47B6-A68D-7590B98EB39B}
		{4E3FAF46-2757-4C91-B973-88B161E69BE2} = {827E0CD3-B72D-47B6-A68D-7590B98EB39B}
		{9DBE0C94-41E1-4394-B824-3C3598A27353} = {827E0CD3-B72D-47B6-A68D-7590B98EB39B}
		{78ED2FFD-8703-4906-8952-2375CF80D6DE} = {827E0CD3-B72D-47B6-A68D-7590B98EB39B}
		{19D253EC-7BBC-4FCD-B1F5-870F572D6D1F} = {827E0CD3-B72D-47B6-A68D-7590B98EB39B}
		{0CC2FA77-8726-4769-A66E-1B2C91EE543D} = {827E0CD3-B72D-47B6-A68D-7590B98EB39B}
		{E7E52F96-8DB2-4DDB-B8D4-E879C94E2099} = {0AB3BF05-4346-4AA6-1389-037BE0695223}
		{975943B4-E3B9-4E0A-B352-4510D26FC9BF} = {0AB3BF05-4346-4AA6-1389-037BE0695223}
		{20054083-1736-41B1-851B-8FA20F50DA2D} = {0AB3BF05-4346-4AA6-1389-037BE0695223}
	EndGlobalSection
EndGlobal
